
Microsoft Visual Studio Solution File, Format Version 12.00
# Visual Studio 2013
VisualStudioVersion = 12.0.31101.0
MinimumVisualStudioVersion = 10.0.40219.1
Project("{FAE04EC0-301F-11D3-BF4B-00C04F79EFBC}") = "Model", "Model\Model.csproj", "{435F8AB6-4E8F-4611-989E-379A32A4C27F}"
EndProject
Project("{FAE04EC0-301F-11D3-BF4B-00C04F79EFBC}") = "DataAccess", "DataLayer\DataAccess.csproj", "{47658DCC-0117-4685-9044-AE29D85C9D9D}"
EndProject
Project("{FAE04EC0-301F-11D3-BF4B-00C04F79EFBC}") = "DataManager", "DataManager\DataManager.csproj", "{8D9205CE-6E82-4053-872C-FF88B019B890}"
EndProject
Project("{FAE04EC0-301F-11D3-BF4B-00C04F79EFBC}") = "DBTest", "DBTest\DBTest.csproj", "{61D8C57D-7804-492F-8B98-7D9F9BB1C5EA}"
EndProject
Project("{FAE04EC0-301F-11D3-BF4B-00C04F79EFBC}") = "SchulDB", "SchulDB\SchulDB.csproj", "{3466CBFB-33A7-4973-A2E1-943BA13AFEDB}"
EndProject
Project("{FAE04EC0-301F-11D3-BF4B-00C04F79EFBC}") = "UserControls", "UserControls\UserControls.csproj", "{26246406-B254-4BF1-A49C-A171DCEADA96}"
EndProject
Project("{FAE04EC0-301F-11D3-BF4B-00C04F79EFBC}") = "OutputTools", "OutputTools\OutputTools.csproj", "{523532D1-4BBE-4BB1-B52D-5C3366832C5F}"
EndProject
Project("{2150E333-8FDC-42A3-9474-1A3956D46DE8}") = "Common", "Common", "{4B1650F4-43F6-4A27-ABF2-E0EB8A4D2E98}"
EndProject
Project("{2150E333-8FDC-42A3-9474-1A3956D46DE8}") = "Web Application", "Web Application", "{913047A0-A126-459A-A071-9AC5CFAEA3A9}"
EndProject
Project("{2150E333-8FDC-42A3-9474-1A3956D46DE8}") = "Desktop Application", "Desktop Application", "{95059523-B6FB-4301-B699-F40885A26E49}"
EndProject
Project("{2150E333-8FDC-42A3-9474-1A3956D46DE8}") = "Data", "Data", "{846DCB7F-889C-4BAA-A1FD-9F5D0A61FD1D}"
EndProject
Project("{FAE04EC0-301F-11D3-BF4B-00C04F79EFBC}") = "SchuleDB Web", "SchuleDB Web\SchuleDB Web.csproj", "{A979A81A-52B3-4402-A7F9-5E102C578F6A}"
EndProject
Project("{FAE04EC0-301F-11D3-BF4B-00C04F79EFBC}") = "SchuleDB Web.Tests", "SchuleDB Web.Tests\SchuleDB Web.Tests.csproj", "{56806E02-948C-4CEB-B743-7CBDF30ADD32}"
EndProject
Global
	GlobalSection(SolutionConfigurationPlatforms) = preSolution
		Debug|Any CPU = Debug|Any CPU
		Release with Code Analysis|Any CPU = Release with Code Analysis|Any CPU
		Release|Any CPU = Release|Any CPU
	EndGlobalSection
	GlobalSection(ProjectConfigurationPlatforms) = postSolution
		{435F8AB6-4E8F-4611-989E-379A32A4C27F}.Debug|Any CPU.ActiveCfg = Debug|Any CPU
		{435F8AB6-4E8F-4611-989E-379A32A4C27F}.Debug|Any CPU.Build.0 = Debug|Any CPU
		{435F8AB6-4E8F-4611-989E-379A32A4C27F}.Release with Code Analysis|Any CPU.ActiveCfg = Release|Any CPU
		{435F8AB6-4E8F-4611-989E-379A32A4C27F}.Release with Code Analysis|Any CPU.Build.0 = Release|Any CPU
		{435F8AB6-4E8F-4611-989E-379A32A4C27F}.Release|Any CPU.ActiveCfg = Release|Any CPU
		{435F8AB6-4E8F-4611-989E-379A32A4C27F}.Release|Any CPU.Build.0 = Release|Any CPU
		{47658DCC-0117-4685-9044-AE29D85C9D9D}.Debug|Any CPU.ActiveCfg = Debug|Any CPU
		{47658DCC-0117-4685-9044-AE29D85C9D9D}.Debug|Any CPU.Build.0 = Debug|Any CPU
		{47658DCC-0117-4685-9044-AE29D85C9D9D}.Release with Code Analysis|Any CPU.ActiveCfg = Release|Any CPU
		{47658DCC-0117-4685-9044-AE29D85C9D9D}.Release with Code Analysis|Any CPU.Build.0 = Release|Any CPU
		{47658DCC-0117-4685-9044-AE29D85C9D9D}.Release|Any CPU.ActiveCfg = Release|Any CPU
		{47658DCC-0117-4685-9044-AE29D85C9D9D}.Release|Any CPU.Build.0 = Release|Any CPU
		{8D9205CE-6E82-4053-872C-FF88B019B890}.Debug|Any CPU.ActiveCfg = Debug|Any CPU
		{8D9205CE-6E82-4053-872C-FF88B019B890}.Debug|Any CPU.Build.0 = Debug|Any CPU
		{8D9205CE-6E82-4053-872C-FF88B019B890}.Release with Code Analysis|Any CPU.ActiveCfg = Release|Any CPU
		{8D9205CE-6E82-4053-872C-FF88B019B890}.Release with Code Analysis|Any CPU.Build.0 = Release|Any CPU
		{8D9205CE-6E82-4053-872C-FF88B019B890}.Release|Any CPU.ActiveCfg = Release|Any CPU
		{8D9205CE-6E82-4053-872C-FF88B019B890}.Release|Any CPU.Build.0 = Release|Any CPU
		{61D8C57D-7804-492F-8B98-7D9F9BB1C5EA}.Debug|Any CPU.ActiveCfg = Debug|Any CPU
		{61D8C57D-7804-492F-8B98-7D9F9BB1C5EA}.Debug|Any CPU.Build.0 = Debug|Any CPU
		{61D8C57D-7804-492F-8B98-7D9F9BB1C5EA}.Release with Code Analysis|Any CPU.ActiveCfg = Release|Any CPU
		{61D8C57D-7804-492F-8B98-7D9F9BB1C5EA}.Release|Any CPU.ActiveCfg = Release|Any CPU
		{61D8C57D-7804-492F-8B98-7D9F9BB1C5EA}.Release|Any CPU.Build.0 = Release|Any CPU
		{3466CBFB-33A7-4973-A2E1-943BA13AFEDB}.Debug|Any CPU.ActiveCfg = Debug|Any CPU
		{3466CBFB-33A7-4973-A2E1-943BA13AFEDB}.Debug|Any CPU.Build.0 = Debug|Any CPU
		{3466CBFB-33A7-4973-A2E1-943BA13AFEDB}.Release with Code Analysis|Any CPU.ActiveCfg = Release|Any CPU
		{3466CBFB-33A7-4973-A2E1-943BA13AFEDB}.Release with Code Analysis|Any CPU.Build.0 = Release|Any CPU
		{3466CBFB-33A7-4973-A2E1-943BA13AFEDB}.Release|Any CPU.ActiveCfg = Release|Any CPU
		{3466CBFB-33A7-4973-A2E1-943BA13AFEDB}.Release|Any CPU.Build.0 = Release|Any CPU
		{26246406-B254-4BF1-A49C-A171DCEADA96}.Debug|Any CPU.ActiveCfg = Debug|Any CPU
		{26246406-B254-4BF1-A49C-A171DCEADA96}.Debug|Any CPU.Build.0 = Debug|Any CPU
		{26246406-B254-4BF1-A49C-A171DCEADA96}.Release with Code Analysis|Any CPU.ActiveCfg = Release|Any CPU
		{26246406-B254-4BF1-A49C-A171DCEADA96}.Release with Code Analysis|Any CPU.Build.0 = Release|Any CPU
		{26246406-B254-4BF1-A49C-A171DCEADA96}.Release|Any CPU.ActiveCfg = Release|Any CPU
		{26246406-B254-4BF1-A49C-A171DCEADA96}.Release|Any CPU.Build.0 = Release|Any CPU
		{523532D1-4BBE-4BB1-B52D-5C3366832C5F}.Debug|Any CPU.ActiveCfg = Debug|Any CPU
		{523532D1-4BBE-4BB1-B52D-5C3366832C5F}.Debug|Any CPU.Build.0 = Debug|Any CPU
		{523532D1-4BBE-4BB1-B52D-5C3366832C5F}.Release with Code Analysis|Any CPU.ActiveCfg = Release|Any CPU
		{523532D1-4BBE-4BB1-B52D-5C3366832C5F}.Release with Code Analysis|Any CPU.Build.0 = Release|Any CPU
		{523532D1-4BBE-4BB1-B52D-5C3366832C5F}.Release|Any CPU.ActiveCfg = Release|Any CPU
		{523532D1-4BBE-4BB1-B52D-5C3366832C5F}.Release|Any CPU.Build.0 = Release|Any CPU
		{A979A81A-52B3-4402-A7F9-5E102C578F6A}.Debug|Any CPU.ActiveCfg = Debug|Any CPU
		{A979A81A-52B3-4402-A7F9-5E102C578F6A}.Debug|Any CPU.Build.0 = Debug|Any CPU
		{A979A81A-52B3-4402-A7F9-5E102C578F6A}.Release with Code Analysis|Any CPU.ActiveCfg = Release|Any CPU
		{A979A81A-52B3-4402-A7F9-5E102C578F6A}.Release with Code Analysis|Any CPU.Build.0 = Release|Any CPU
		{A979A81A-52B3-4402-A7F9-5E102C578F6A}.Release|Any CPU.ActiveCfg = Release|Any CPU
		{A979A81A-52B3-4402-A7F9-5E102C578F6A}.Release|Any CPU.Build.0 = Release|Any CPU
		{56806E02-948C-4CEB-B743-7CBDF30ADD32}.Debug|Any CPU.ActiveCfg = Debug|Any CPU
		{56806E02-948C-4CEB-B743-7CBDF30ADD32}.Debug|Any CPU.Build.0 = Debug|Any CPU
		{56806E02-948C-4CEB-B743-7CBDF30ADD32}.Release with Code Analysis|Any CPU.ActiveCfg = Release|Any CPU
		{56806E02-948C-4CEB-B743-7CBDF30ADD32}.Release with Code Analysis|Any CPU.Build.0 = Release|Any CPU
		{56806E02-948C-4CEB-B743-7CBDF30ADD32}.Release|Any CPU.ActiveCfg = Release|Any CPU
		{56806E02-948C-4CEB-B743-7CBDF30ADD32}.Release|Any CPU.Build.0 = Release|Any CPU
	EndGlobalSection
	GlobalSection(SolutionProperties) = preSolution
		HideSolutionNode = FALSE
	EndGlobalSection
	GlobalSection(NestedProjects) = preSolution
		{435F8AB6-4E8F-4611-989E-379A32A4C27F} = {846DCB7F-889C-4BAA-A1FD-9F5D0A61FD1D}
		{47658DCC-0117-4685-9044-AE29D85C9D9D} = {846DCB7F-889C-4BAA-A1FD-9F5D0A61FD1D}
		{8D9205CE-6E82-4053-872C-FF88B019B890} = {846DCB7F-889C-4BAA-A1FD-9F5D0A61FD1D}
		{61D8C57D-7804-492F-8B98-7D9F9BB1C5EA} = {95059523-B6FB-4301-B699-F40885A26E49}
		{3466CBFB-33A7-4973-A2E1-943BA13AFEDB} = {95059523-B6FB-4301-B699-F40885A26E49}
		{26246406-B254-4BF1-A49C-A171DCEADA96} = {95059523-B6FB-4301-B699-F40885A26E49}
		{523532D1-4BBE-4BB1-B52D-5C3366832C5F} = {4B1650F4-43F6-4A27-ABF2-E0EB8A4D2E98}
		{846DCB7F-889C-4BAA-A1FD-9F5D0A61FD1D} = {4B1650F4-43F6-4A27-ABF2-E0EB8A4D2E98}
		{A979A81A-52B3-4402-A7F9-5E102C578F6A} = {913047A0-A126-459A-A071-9AC5CFAEA3A9}
		{56806E02-948C-4CEB-B743-7CBDF30ADD32} = {913047A0-A126-459A-A071-9AC5CFAEA3A9}
	EndGlobalSection
EndGlobal
